<?xml version="1.0" encoding="utf-8"?>
<Project ToolsVersion="4.0" xmlns="http://schemas.microsoft.com/developer/msbuild/2003">
  <ItemGroup>
    <Filter Include="Source Files">
      <UniqueIdentifier>{4FC737F1-C7A5-4376-A066-2A32D752A2FF}</UniqueIdentifier>
      <Extensions>cpp;c;cc;cxx;def;odl;idl;hpj;bat;asm;asmx</Extensions>
    </Filter>
    <Filter Include="Header Files">
      <UniqueIdentifier>{93995380-89BD-4b04-88EB-625FBE52EBFB}</UniqueIdentifier>
      <Extensions>h;hh;hpp;hxx;hm;inl;inc;xsd</Extensions>
    </Filter>
    <Filter Include="Resource Files">
      <UniqueIdentifier>{67DA6AB6-F800-4c08-8B7A-83BB121AAD01}</UniqueIdentifier>
      <Extensions>rc;ico;cur;bmp;dlg;rc2;rct;bin;rgs;gif;jpg;jpeg;jpe;resx;tiff;tif;png;wav;mfcribbon-ms</Extensions>
    </Filter>
    <Filter Include="Managers">
      <UniqueIdentifier>{5d239f7e-f544-40be-ae38-fb2dd550391c}</UniqueIdentifier>
    </Filter>
    <Filter Include="Screens">
      <UniqueIdentifier>{5ed1cbe5-b3e2-4085-907c-aa7f95cb6147}</UniqueIdentifier>
    </Filter>
    <Filter Include="TinyXML">
      <UniqueIdentifier>{df0a4991-6554-4363-90fa-a76fa560c892}</UniqueIdentifier>
    </Filter>
    <Filter Include="GUI">
      <UniqueIdentifier>{df7e1140-4455-40e3-b0de-4741d52496bc}</UniqueIdentifier>
    </Filter>
    <Filter Include="Managers\Headers">
      <UniqueIdentifier>{35dd8a7a-4aca-42b2-9d0b-ea9002ca9e2e}</UniqueIdentifier>
    </Filter>
    <Filter Include="Managers\Source Files">
      <UniqueIdentifier>{d1956081-2b11-4da6-83c9-37a0329f1569}</UniqueIdentifier>
    </Filter>
    <Filter Include="GUI\Headers">
      <UniqueIdentifier>{2740ada5-6550-4fbc-ad93-e8bd8bd4318a}</UniqueIdentifier>
    </Filter>
    <Filter Include="GUI\Source Files">
      <UniqueIdentifier>{94ee9aa3-6db5-42af-a740-ead558360f15}</UniqueIdentifier>
    </Filter>
    <Filter Include="Screens\Source Files">
      <UniqueIdentifier>{3e4d1704-2599-4adc-a6ba-052424cdc903}</UniqueIdentifier>
    </Filter>
    <Filter Include="Screens\Headers">
      <UniqueIdentifier>{a5287d02-58a2-4b3a-9c86-dfb968839720}</UniqueIdentifier>
    </Filter>
  </ItemGroup>
  <ItemGroup>
    <ClInclude Include="Entity.h">
      <Filter>Header Files</Filter>
    </ClInclude>
    <ClInclude Include="Game.h">
      <Filter>Header Files</Filter>
    </ClInclude>
    <ClInclude Include="Player.h">
      <Filter>Header Files</Filter>
    </ClInclude>
    <ClInclude Include="AnimatedSprite.h">
      <Filter>Header Files</Filter>
    </ClInclude>
    <ClInclude Include="Animation.h">
      <Filter>Header Files</Filter>
    </ClInclude>
    <ClInclude Include="TileMapLoader.h">
      <Filter>Header Files</Filter>
    </ClInclude>
    <ClInclude Include="tinyxml\tinyxml2.h">
      <Filter>TinyXML</Filter>
    </ClInclude>
    <ClInclude Include="ContentManager.h">
      <Filter>Managers\Headers</Filter>
    </ClInclude>
    <ClInclude Include="AnimationManager.h">
      <Filter>Managers\Headers</Filter>
    </ClInclude>
    <ClInclude Include="ScreenManager.h">
      <Filter>Managers\Headers</Filter>
    </ClInclude>
    <ClInclude Include="SpriteManager.h">
      <Filter>Managers\Headers</Filter>
    </ClInclude>
    <ClInclude Include="SoundManager.h">
      <Filter>Managers\Headers</Filter>
    </ClInclude>
    <ClInclude Include="UIObject.h">
      <Filter>GUI\Headers</Filter>
    </ClInclude>
    <ClInclude Include="BaseScreen.h">
      <Filter>Screens\Headers</Filter>
    </ClInclude>
    <ClInclude Include="MainScreen.h">
      <Filter>Screens\Headers</Filter>
    </ClInclude>
    <ClInclude Include="MenuScreen.h">
      <Filter>Screens\Headers</Filter>
    </ClInclude>
    <ClInclude Include="SplashScreen.h">
      <Filter>Screens\Headers</Filter>
    </ClInclude>
    <ClInclude Include="Window.h">
      <Filter>GUI\Headers</Filter>
    </ClInclude>
    <ClInclude Include="Button.h">
      <Filter>GUI\Headers</Filter>
    </ClInclude>
    <ClInclude Include="Checkbox.h">
      <Filter>GUI\Headers</Filter>
    </ClInclude>
<<<<<<< HEAD
    <ClInclude Include="UI.h">
      <Filter>GUI\Headers</Filter>
=======
    <ClInclude Include="Item.h">
      <Filter>Header Files</Filter>
>>>>>>> origin/master
    </ClInclude>
  </ItemGroup>
  <ItemGroup>
    <ClCompile Include="AnimatedSprite.cpp">
      <Filter>Source Files</Filter>
    </ClCompile>
    <ClCompile Include="Entity.cpp">
      <Filter>Source Files</Filter>
    </ClCompile>
    <ClCompile Include="Game.cpp">
      <Filter>Source Files</Filter>
    </ClCompile>
    <ClCompile Include="main.cpp">
      <Filter>Source Files</Filter>
    </ClCompile>
    <ClCompile Include="Player.cpp">
      <Filter>Source Files</Filter>
    </ClCompile>
    <ClCompile Include="Animation.cpp">
      <Filter>Source Files</Filter>
    </ClCompile>
    <ClCompile Include="TileMapLoader.cpp">
      <Filter>Source Files</Filter>
    </ClCompile>
    <ClCompile Include="tinyxml\tinyxml2.cpp">
      <Filter>TinyXML</Filter>
    </ClCompile>
    <ClCompile Include="AnimationManager.cpp">
      <Filter>Managers\Source Files</Filter>
    </ClCompile>
    <ClCompile Include="ContentManager.cpp">
      <Filter>Managers\Source Files</Filter>
    </ClCompile>
    <ClCompile Include="ScreenManager.cpp">
      <Filter>Managers\Source Files</Filter>
    </ClCompile>
    <ClCompile Include="SoundManager.cpp">
      <Filter>Managers\Source Files</Filter>
    </ClCompile>
    <ClCompile Include="SpriteManager.cpp">
      <Filter>Managers\Source Files</Filter>
    </ClCompile>
    <ClCompile Include="UIObject.cpp">
      <Filter>GUI\Source Files</Filter>
    </ClCompile>
    <ClCompile Include="MainScreen.cpp">
      <Filter>Screens\Source Files</Filter>
    </ClCompile>
    <ClCompile Include="BaseScreen.cpp">
      <Filter>Screens\Source Files</Filter>
    </ClCompile>
    <ClCompile Include="MenuScreen.cpp">
      <Filter>Screens\Source Files</Filter>
    </ClCompile>
    <ClCompile Include="SplashScreen.cpp">
      <Filter>Screens\Source Files</Filter>
    </ClCompile>
    <ClCompile Include="Window.cpp">
      <Filter>GUI\Source Files</Filter>
    </ClCompile>
    <ClCompile Include="Button.cpp">
      <Filter>GUI\Source Files</Filter>
    </ClCompile>
    <ClCompile Include="Checkbox.cpp">
      <Filter>GUI\Source Files</Filter>
    </ClCompile>
<<<<<<< HEAD
    <ClCompile Include="UI.cpp">
      <Filter>GUI\Source Files</Filter>
=======
    <ClCompile Include="Item.cpp">
      <Filter>Source Files</Filter>
>>>>>>> origin/master
    </ClCompile>
  </ItemGroup>
</Project>